
Microsoft Visual Studio Solution File, Format Version 12.00
# Visual Studio Version 16
VisualStudioVersion = 16.0.28922.388
MinimumVisualStudioVersion = 10.0.40219.1
Project("{2150E333-8FDC-42A3-9474-1A3956D46DE8}") = "Database", "Database", "{8EA24D1A-5D30-4143-B9C6-C8F8E4ADD437}"
EndProject
Project("{2150E333-8FDC-42A3-9474-1A3956D46DE8}") = "Manager", "Manager", "{D4DF402F-F1EF-4180-8D99-F1794B64F5D6}"
EndProject
Project("{FAE04EC0-301F-11D3-BF4B-00C04F79EFBC}") = "TopEntertainment.Database", "TopEntertainment.Database\TopEntertainment.Database.csproj", "{696F3116-91E3-4568-B293-33D95882AD68}"
EndProject
Project("{FAE04EC0-301F-11D3-BF4B-00C04F79EFBC}") = "TopEntertainment.Manager", "TopEntertainment.Manager\TopEntertainment.Manager.csproj", "{9D91F62D-2167-475A-884F-1413B3D28D0B}"
EndProject
Global
	GlobalSection(SolutionConfigurationPlatforms) = preSolution
		Debug|Any CPU = Debug|Any CPU
		Release|Any CPU = Release|Any CPU
	EndGlobalSection
	GlobalSection(ProjectConfigurationPlatforms) = postSolution
		{696F3116-91E3-4568-B293-33D95882AD68}.Debug|Any CPU.ActiveCfg = Debug|Any CPU
		{696F3116-91E3-4568-B293-33D95882AD68}.Debug|Any CPU.Build.0 = Debug|Any CPU
		{696F3116-91E3-4568-B293-33D95882AD68}.Release|Any CPU.ActiveCfg = Release|Any CPU
		{696F3116-91E3-4568-B293-33D95882AD68}.Release|Any CPU.Build.0 = Release|Any CPU
		{9D91F62D-2167-475A-884F-1413B3D28D0B}.Debug|Any CPU.ActiveCfg = Debug|Any CPU
		{9D91F62D-2167-475A-884F-1413B3D28D0B}.Debug|Any CPU.Build.0 = Debug|Any CPU
		{9D91F62D-2167-475A-884F-1413B3D28D0B}.Release|Any CPU.ActiveCfg = Release|Any CPU
		{9D91F62D-2167-475A-884F-1413B3D28D0B}.Release|Any CPU.Build.0 = Release|Any CPU
	EndGlobalSection
	GlobalSection(SolutionProperties) = preSolution
		HideSolutionNode = FALSE
	EndGlobalSection
	GlobalSection(NestedProjects) = preSolution
		{696F3116-91E3-4568-B293-33D95882AD68} = {8EA24D1A-5D30-4143-B9C6-C8F8E4ADD437}
		{9D91F62D-2167-475A-884F-1413B3D28D0B} = {D4DF402F-F1EF-4180-8D99-F1794B64F5D6}
	EndGlobalSection
	GlobalSection(ExtensibilityGlobals) = postSolution
		SolutionGuid = {EA187FCF-C266-468C-90D9-9AC2A5270413}
	EndGlobalSection
EndGlobal
